PODS:
  - SectionKit (1.0.4):
    - UICollectionUpdates (~> 0.1.3)
  - UICollectionUpdates (0.1.3)

DEPENDENCIES:
  - SectionKit (from `../`)

SPEC REPOS:
  trunk:
    - UICollectionUpdates

EXTERNAL SOURCES:
  SectionKit:
    :path: "../"

SPEC CHECKSUMS:
  SectionKit: 10d00f90315632577ddc4d62b6c62e95072363d9
  UICollectionUpdates: bfcdb93a5ed26b828460e77e79ce94227c29db01

PODFILE CHECKSUM: 1354e76bdd7aeddd135cdd45a376d6fe31879315

COCOAPODS: 1.11.3
